
Microsoft Visual Studio Solution File, Format Version 12.00
# Visual Studio 15
VisualStudioVersion = 15.0.27004.2002
MinimumVisualStudioVersion = 10.0.40219.1
Project("{FAE04EC0-301F-11D3-BF4B-00C04F79EFBC}") = "Задание 1", "ConsoleApp2\Задание 1.csproj", "{3D614915-60CE-44B9-A011-84E71CDE36F4}"
EndProject
Project("{FAE04EC0-301F-11D3-BF4B-00C04F79EFBC}") = "2", "2\2.csproj", "{90385471-0FD3-46D0-A69E-5A629E8F2D13}"
EndProject
Project("{FAE04EC0-301F-11D3-BF4B-00C04F79EFBC}") = "задание 3", "задание 3\задание 3.csproj", "{70803727-5930-4CA4-92E5-91BA2A405745}"
EndProject
Project("{FAE04EC0-301F-11D3-BF4B-00C04F79EFBC}") = "задание 4", "задание 4\задание 4.csproj", "{79072CC4-350E-4C09-947E-82FA2D252C78}"
EndProject
Project("{FAE04EC0-301F-11D3-BF4B-00C04F79EFBC}") = "Задание 5", "Задание 5\Задание 5.csproj", "{65702159-0400-4BEE-AEB7-C3ED71BA0513}"
EndProject
Project("{FAE04EC0-301F-11D3-BF4B-00C04F79EFBC}") = "Задание 6", "Задание 6\Задание 6.csproj", "{39BEAA51-8F19-403D-83CA-5C637BFAF066}"
EndProject
Project("{FAE04EC0-301F-11D3-BF4B-00C04F79EFBC}") = "Задание 7", "Задание 7\Задание 7.csproj", "{B55BF49D-02C4-4C92-847F-AE0B2B3AF215}"
EndProject
Project("{FAE04EC0-301F-11D3-BF4B-00C04F79EFBC}") = "8", "8\8.csproj", "{9F20FE8B-159E-46CE-A0C8-66B4E0C0F539}"
EndProject
Project("{FAE04EC0-301F-11D3-BF4B-00C04F79EFBC}") = "9", "9\9.csproj", "{991E2E94-1510-4ABD-AB4E-4F2FF1343B7B}"
EndProject
Project("{FAE04EC0-301F-11D3-BF4B-00C04F79EFBC}") = "10", "10\10.csproj", "{988C0673-65F9-445E-BD80-7EE545D0DBA5}"
EndProject
Project("{FAE04EC0-301F-11D3-BF4B-00C04F79EFBC}") = "11", "11\11.csproj", "{9C1C1DEF-F54B-478E-91F6-E23569CD2D94}"
EndProject
Project("{FAE04EC0-301F-11D3-BF4B-00C04F79EFBC}") = "12", "12\12.csproj", "{C171A9AC-93EF-4059-BBFC-5629FB6BE20A}"
EndProject
Project("{FAE04EC0-301F-11D3-BF4B-00C04F79EFBC}") = "13", "13\13.csproj", "{6D6FD831-3F39-431C-A9AD-BB8925C00AD7}"
EndProject
Project("{FAE04EC0-301F-11D3-BF4B-00C04F79EFBC}") = "14", "14\14.csproj", "{584347D3-37FC-46A8-9D1B-302C1C2631D1}"
EndProject
Project("{FAE04EC0-301F-11D3-BF4B-00C04F79EFBC}") = "15", "15\15.csproj", "{70A68FF2-24A8-4627-9667-D456A13CCD76}"
EndProject
Global
	GlobalSection(SolutionConfigurationPlatforms) = preSolution
		Debug|Any CPU = Debug|Any CPU
		Release|Any CPU = Release|Any CPU
	EndGlobalSection
	GlobalSection(ProjectConfigurationPlatforms) = postSolution
		{3D614915-60CE-44B9-A011-84E71CDE36F4}.Debug|Any CPU.ActiveCfg = Debug|Any CPU
		{3D614915-60CE-44B9-A011-84E71CDE36F4}.Debug|Any CPU.Build.0 = Debug|Any CPU
		{3D614915-60CE-44B9-A011-84E71CDE36F4}.Release|Any CPU.ActiveCfg = Release|Any CPU
		{3D614915-60CE-44B9-A011-84E71CDE36F4}.Release|Any CPU.Build.0 = Release|Any CPU
		{90385471-0FD3-46D0-A69E-5A629E8F2D13}.Debug|Any CPU.ActiveCfg = Debug|Any CPU
		{90385471-0FD3-46D0-A69E-5A629E8F2D13}.Debug|Any CPU.Build.0 = Debug|Any CPU
		{90385471-0FD3-46D0-A69E-5A629E8F2D13}.Release|Any CPU.ActiveCfg = Release|Any CPU
		{90385471-0FD3-46D0-A69E-5A629E8F2D13}.Release|Any CPU.Build.0 = Release|Any CPU
		{70803727-5930-4CA4-92E5-91BA2A405745}.Debug|Any CPU.ActiveCfg = Debug|Any CPU
		{70803727-5930-4CA4-92E5-91BA2A405745}.Debug|Any CPU.Build.0 = Debug|Any CPU
		{70803727-5930-4CA4-92E5-91BA2A405745}.Release|Any CPU.ActiveCfg = Release|Any CPU
		{70803727-5930-4CA4-92E5-91BA2A405745}.Release|Any CPU.Build.0 = Release|Any CPU
		{79072CC4-350E-4C09-947E-82FA2D252C78}.Debug|Any CPU.ActiveCfg = Debug|Any CPU
		{79072CC4-350E-4C09-947E-82FA2D252C78}.Debug|Any CPU.Build.0 = Debug|Any CPU
		{79072CC4-350E-4C09-947E-82FA2D252C78}.Release|Any CPU.ActiveCfg = Release|Any CPU
		{79072CC4-350E-4C09-947E-82FA2D252C78}.Release|Any CPU.Build.0 = Release|Any CPU
		{65702159-0400-4BEE-AEB7-C3ED71BA0513}.Debug|Any CPU.ActiveCfg = Debug|Any CPU
		{65702159-0400-4BEE-AEB7-C3ED71BA0513}.Debug|Any CPU.Build.0 = Debug|Any CPU
		{65702159-0400-4BEE-AEB7-C3ED71BA0513}.Release|Any CPU.ActiveCfg = Release|Any CPU
		{65702159-0400-4BEE-AEB7-C3ED71BA0513}.Release|Any CPU.Build.0 = Release|Any CPU
		{39BEAA51-8F19-403D-83CA-5C637BFAF066}.Debug|Any CPU.ActiveCfg = Debug|Any CPU
		{39BEAA51-8F19-403D-83CA-5C637BFAF066}.Debug|Any CPU.Build.0 = Debug|Any CPU
		{39BEAA51-8F19-403D-83CA-5C637BFAF066}.Release|Any CPU.ActiveCfg = Release|Any CPU
		{39BEAA51-8F19-403D-83CA-5C637BFAF066}.Release|Any CPU.Build.0 = Release|Any CPU
		{B55BF49D-02C4-4C92-847F-AE0B2B3AF215}.Debug|Any CPU.ActiveCfg = Debug|Any CPU
		{B55BF49D-02C4-4C92-847F-AE0B2B3AF215}.Debug|Any CPU.Build.0 = Debug|Any CPU
		{B55BF49D-02C4-4C92-847F-AE0B2B3AF215}.Release|Any CPU.ActiveCfg = Release|Any CPU
		{B55BF49D-02C4-4C92-847F-AE0B2B3AF215}.Release|Any CPU.Build.0 = Release|Any CPU
		{9F20FE8B-159E-46CE-A0C8-66B4E0C0F539}.Debug|Any CPU.ActiveCfg = Debug|Any CPU
		{9F20FE8B-159E-46CE-A0C8-66B4E0C0F539}.Debug|Any CPU.Build.0 = Debug|Any CPU
		{9F20FE8B-159E-46CE-A0C8-66B4E0C0F539}.Release|Any CPU.ActiveCfg = Release|Any CPU
		{9F20FE8B-159E-46CE-A0C8-66B4E0C0F539}.Release|Any CPU.Build.0 = Release|Any CPU
		{991E2E94-1510-4ABD-AB4E-4F2FF1343B7B}.Debug|Any CPU.ActiveCfg = Debug|Any CPU
		{991E2E94-1510-4ABD-AB4E-4F2FF1343B7B}.Debug|Any CPU.Build.0 = Debug|Any CPU
		{991E2E94-1510-4ABD-AB4E-4F2FF1343B7B}.Release|Any CPU.ActiveCfg = Release|Any CPU
		{991E2E94-1510-4ABD-AB4E-4F2FF1343B7B}.Release|Any CPU.Build.0 = Release|Any CPU
		{988C0673-65F9-445E-BD80-7EE545D0DBA5}.Debug|Any CPU.ActiveCfg = Debug|Any CPU
		{988C0673-65F9-445E-BD80-7EE545D0DBA5}.Debug|Any CPU.Build.0 = Debug|Any CPU
		{988C0673-65F9-445E-BD80-7EE545D0DBA5}.Release|Any CPU.ActiveCfg = Release|Any CPU
		{988C0673-65F9-445E-BD80-7EE545D0DBA5}.Release|Any CPU.Build.0 = Release|Any CPU
		{9C1C1DEF-F54B-478E-91F6-E23569CD2D94}.Debug|Any CPU.ActiveCfg = Debug|Any CPU
		{9C1C1DEF-F54B-478E-91F6-E23569CD2D94}.Debug|Any CPU.Build.0 = Debug|Any CPU
		{9C1C1DEF-F54B-478E-91F6-E23569CD2D94}.Release|Any CPU.ActiveCfg = Release|Any CPU
		{9C1C1DEF-F54B-478E-91F6-E23569CD2D94}.Release|Any CPU.Build.0 = Release|Any CPU
		{C171A9AC-93EF-4059-BBFC-5629FB6BE20A}.Debug|Any CPU.ActiveCfg = Debug|Any CPU
		{C171A9AC-93EF-4059-BBFC-5629FB6BE20A}.Debug|Any CPU.Build.0 = Debug|Any CPU
		{C171A9AC-93EF-4059-BBFC-5629FB6BE20A}.Release|Any CPU.ActiveCfg = Release|Any CPU
		{C171A9AC-93EF-4059-BBFC-5629FB6BE20A}.Release|Any CPU.Build.0 = Release|Any CPU
		{6D6FD831-3F39-431C-A9AD-BB8925C00AD7}.Debug|Any CPU.ActiveCfg = Debug|Any CPU
		{6D6FD831-3F39-431C-A9AD-BB8925C00AD7}.Debug|Any CPU.Build.0 = Debug|Any CPU
		{6D6FD831-3F39-431C-A9AD-BB8925C00AD7}.Release|Any CPU.ActiveCfg = Release|Any CPU
		{6D6FD831-3F39-431C-A9AD-BB8925C00AD7}.Release|Any CPU.Build.0 = Release|Any CPU
		{584347D3-37FC-46A8-9D1B-302C1C2631D1}.Debug|Any CPU.ActiveCfg = Debug|Any CPU
		{584347D3-37FC-46A8-9D1B-302C1C2631D1}.Debug|Any CPU.Build.0 = Debug|Any CPU
		{584347D3-37FC-46A8-9D1B-302C1C2631D1}.Release|Any CPU.ActiveCfg = Release|Any CPU
		{584347D3-37FC-46A8-9D1B-302C1C2631D1}.Release|Any CPU.Build.0 = Release|Any CPU
		{70A68FF2-24A8-4627-9667-D456A13CCD76}.Debug|Any CPU.ActiveCfg = Debug|Any CPU
		{70A68FF2-24A8-4627-9667-D456A13CCD76}.Debug|Any CPU.Build.0 = Debug|Any CPU
		{70A68FF2-24A8-4627-9667-D456A13CCD76}.Release|Any CPU.ActiveCfg = Release|Any CPU
		{70A68FF2-24A8-4627-9667-D456A13CCD76}.Release|Any CPU.Build.0 = Release|Any CPU
	EndGlobalSection
	GlobalSection(SolutionProperties) = preSolution
		HideSolutionNode = FALSE
	EndGlobalSection
	GlobalSection(ExtensibilityGlobals) = postSolution
		SolutionGuid = {119E891F-87B2-4602-9507-1DEEC6B12009}
	EndGlobalSection
EndGlobal
